
Microsoft Visual Studio Solution File, Format Version 12.00
# Visual Studio Version 17
VisualStudioVersion = 17.14.36408.4 d17.14
MinimumVisualStudioVersion = 10.0.40219.1
Project("{FAE04EC0-301F-11D3-BF4B-00C04F79EFBC}") = "ltweb_bt5", "ltweb_bt5.csproj", "{AA40330C-30D8-43BB-AEB6-7DEDFF464E8D}"
EndProject
Global
	GlobalSection(SolutionConfigurationPlatforms) = preSolution
		Debug|Any CPU = Debug|Any CPU
		Release|Any CPU = Release|Any CPU
	EndGlobalSection
	GlobalSection(ProjectConfigurationPlatforms) = postSolution
		{AA40330C-30D8-43BB-AEB6-7DEDFF464E8D}.Debug|Any CPU.ActiveCfg = Debug|Any CPU
		{AA40330C-30D8-43BB-AEB6-7DEDFF464E8D}.Debug|Any CPU.Build.0 = Debug|Any CPU
		{AA40330C-30D8-43BB-AEB6-7DEDFF464E8D}.Release|Any CPU.ActiveCfg = Release|Any CPU
		{AA40330C-30D8-43BB-AEB6-7DEDFF464E8D}.Release|Any CPU.Build.0 = Release|Any CPU
	EndGlobalSection
	GlobalSection(SolutionProperties) = preSolution
		HideSolutionNode = FALSE
	EndGlobalSection
	GlobalSection(ExtensibilityGlobals) = postSolution
		SolutionGuid = {6B2EFC8E-28E2-4D6C-86B5-309CC801E6EB}
	EndGlobalSection
EndGlobal
